PODS:
  - AFNetworking (2.4.1):
    - AFNetworking/NSURLConnection
    - AFNetworking/NSURLSession
    - AFNetworking/Reachability
    - AFNetworking/Security
    - AFNetworking/Serialization
    - AFNetworking/UIKit
  - AFNetworking/NSURLConnection (2.4.1):
    - AFNetworking/Reachability
    - AFNetworking/Security
    - AFNetworking/Serialization
  - AFNetworking/NSURLSession (2.4.1):
    - AFNetworking/Reachability
    - AFNetworking/Security
    - AFNetworking/Serialization
  - AFNetworking/Reachability (2.4.1)
  - AFNetworking/Security (2.4.1)
  - AFNetworking/Serialization (2.4.1)
  - AFNetworking/UIKit (2.4.1):
    - AFNetworking/NSURLConnection
    - AFNetworking/NSURLSession
  - CSNotificationView (0.4.2)
  - FLEX (1.1.1)
  - FXBlurView (1.6.2)
  - Mantle (1.5):
    - Mantle/extobjc
  - Mantle/extobjc (1.5)
  - PureLayout (1.0.1)
  - SWRevealViewController (2.3.0)

DEPENDENCIES:
  - AFNetworking (~> 2.0)
  - CSNotificationView (= 0.4.2)
  - FLEX (~> 1.1.0)
  - FXBlurView (~> 1.6.2)
  - Mantle (~> 1.4)
  - PureLayout
  - SWRevealViewController (~> 2.3.0)

SPEC CHECKSUMS:
  AFNetworking: 0aabc6fae66d6e5d039eeb21c315843c7aae51ab
  CSNotificationView: eefeaed92a8bf0786fbb81047abab35283b05dae
  FLEX: 8e53751b915759215d77c7c72b1c7bd28665dac2
  FXBlurView: 47496afc9160097fa34af35fc4b310bd85d65dca
  Mantle: c67a7e45e14196ed42b2a7cbb98ff6a9920e6b92
  PureLayout: 972964b21dbcbc5cc36785aed16aba03176f057d
  SWRevealViewController: f6d80638b8e12323e87ac79562345403a799cb77

COCOAPODS: 0.33.1
